
Microsoft Visual Studio Solution File, Format Version 12.00
# Visual Studio Version 16
VisualStudioVersion = 16.0.30413.136
MinimumVisualStudioVersion = 10.0.40219.1
Project("{FAE04EC0-301F-11D3-BF4B-00C04F79EFBC}") = "RigantiGraphQlDemoBasic", "RigantiGraphQlDemoBasic\RigantiGraphQlDemoBasic.csproj", "{17AE030F-9BD6-4492-9AD2-0E47C371ACA6}"
EndProject
Project("{FAE04EC0-301F-11D3-BF4B-00C04F79EFBC}") = "RigantiGraphQlDemo.Dal", "RigantiGraphQlDemo.Dal\RigantiGraphQlDemo.Dal.csproj", "{FD38A0CC-07E5-4F91-B84D-1E90336449E4}"
EndProject
Project("{2150E333-8FDC-42A3-9474-1A3956D46DE8}") = "DAL", "DAL", "{A7B56C8D-8FE6-4505-B385-4D4319CEF79E}"
EndProject
Global
	GlobalSection(SolutionConfigurationPlatforms) = preSolution
		Debug|Any CPU = Debug|Any CPU
		Release|Any CPU = Release|Any CPU
	EndGlobalSection
	GlobalSection(ProjectConfigurationPlatforms) = postSolution
		{17AE030F-9BD6-4492-9AD2-0E47C371ACA6}.Debug|Any CPU.ActiveCfg = Debug|Any CPU
		{17AE030F-9BD6-4492-9AD2-0E47C371ACA6}.Debug|Any CPU.Build.0 = Debug|Any CPU
		{17AE030F-9BD6-4492-9AD2-0E47C371ACA6}.Release|Any CPU.ActiveCfg = Release|Any CPU
		{17AE030F-9BD6-4492-9AD2-0E47C371ACA6}.Release|Any CPU.Build.0 = Release|Any CPU
		{FD38A0CC-07E5-4F91-B84D-1E90336449E4}.Debug|Any CPU.ActiveCfg = Debug|Any CPU
		{FD38A0CC-07E5-4F91-B84D-1E90336449E4}.Debug|Any CPU.Build.0 = Debug|Any CPU
		{FD38A0CC-07E5-4F91-B84D-1E90336449E4}.Release|Any CPU.ActiveCfg = Release|Any CPU
		{FD38A0CC-07E5-4F91-B84D-1E90336449E4}.Release|Any CPU.Build.0 = Release|Any CPU
	EndGlobalSection
	GlobalSection(SolutionProperties) = preSolution
		HideSolutionNode = FALSE
	EndGlobalSection
	GlobalSection(NestedProjects) = preSolution
		{FD38A0CC-07E5-4F91-B84D-1E90336449E4} = {A7B56C8D-8FE6-4505-B385-4D4319CEF79E}
	EndGlobalSection
	GlobalSection(ExtensibilityGlobals) = postSolution
		SolutionGuid = {EF5BE7F6-1F75-491B-A562-C55598676C5F}
	EndGlobalSection
EndGlobal
